
Microsoft Visual Studio Solution File, Format Version 12.00
# Visual Studio Version 16
VisualStudioVersion = 16.0.32126.315
MinimumVisualStudioVersion = 10.0.40219.1
Project("{FAE04EC0-301F-11D3-BF4B-00C04F79EFBC}") = "Proyectos", "Proyectos\Proyectos.csproj", "{BD8AD44D-1F5E-44A4-BC64-9AC796DB48FE}"
EndProject
Project("{FAE04EC0-301F-11D3-BF4B-00C04F79EFBC}") = "Web", "Web\Web.csproj", "{EC5614A2-D7B6-4C98-938B-3670EA21AA63}"
EndProject
Global
	GlobalSection(SolutionConfigurationPlatforms) = preSolution
		Debug|Any CPU = Debug|Any CPU
		Release|Any CPU = Release|Any CPU
	EndGlobalSection
	GlobalSection(ProjectConfigurationPlatforms) = postSolution
		{BD8AD44D-1F5E-44A4-BC64-9AC796DB48FE}.Debug|Any CPU.ActiveCfg = Debug|Any CPU
		{BD8AD44D-1F5E-44A4-BC64-9AC796DB48FE}.Debug|Any CPU.Build.0 = Debug|Any CPU
		{BD8AD44D-1F5E-44A4-BC64-9AC796DB48FE}.Release|Any CPU.ActiveCfg = Release|Any CPU
		{BD8AD44D-1F5E-44A4-BC64-9AC796DB48FE}.Release|Any CPU.Build.0 = Release|Any CPU
		{EC5614A2-D7B6-4C98-938B-3670EA21AA63}.Debug|Any CPU.ActiveCfg = Debug|Any CPU
		{EC5614A2-D7B6-4C98-938B-3670EA21AA63}.Debug|Any CPU.Build.0 = Debug|Any CPU
		{EC5614A2-D7B6-4C98-938B-3670EA21AA63}.Release|Any CPU.ActiveCfg = Release|Any CPU
		{EC5614A2-D7B6-4C98-938B-3670EA21AA63}.Release|Any CPU.Build.0 = Release|Any CPU
	EndGlobalSection
	GlobalSection(SolutionProperties) = preSolution
		HideSolutionNode = FALSE
	EndGlobalSection
	GlobalSection(ExtensibilityGlobals) = postSolution
		SolutionGuid = {D53CDC36-D78B-49AA-9DC8-22A72AE6EDDA}
	EndGlobalSection
EndGlobal
